// !$*UTF8*$!
{
	archiveVersion = 1;
	classes = {
	};
	objectVersion = 50;
	objects = {

/* Begin PBXBuildFile section */
		7775F11B20CA38F40006C36A /* DetailViewController.swift in Sources */ = {isa = PBXBuildFile; fileRef = 7775F11A20CA38F40006C36A /* DetailViewController.swift */; };
		77F9F35820AC242E002E89D2 /* AppDelegate.swift in Sources */ = {isa = PBXBuildFile; fileRef = 77F9F35720AC242E002E89D2 /* AppDelegate.swift */; };
		77F9F35D20AC242E002E89D2 /* Main.storyboard in Resources */ = {isa = PBXBuildFile; fileRef = 77F9F35B20AC242E002E89D2 /* Main.storyboard */; };
		77F9F35F20AC242F002E89D2 /* Assets.xcassets in Resources */ = {isa = PBXBuildFile; fileRef = 77F9F35E20AC242F002E89D2 /* Assets.xcassets */; };
		77F9F36220AC242F002E89D2 /* LaunchScreen.storyboard in Resources */ = {isa = PBXBuildFile; fileRef = 77F9F36020AC242F002E89D2 /* LaunchScreen.storyboard */; };
		77F9F36A20AD2FB6002E89D2 /* SearchTableViewController.swift in Sources */ = {isa = PBXBuildFile; fileRef = 77F9F36920AD2FB6002E89D2 /* SearchTableViewController.swift */; };
		77F9F36C20AD3121002E89D2 /* LocationTableViewCell.swift in Sources */ = {isa = PBXBuildFile; fileRef = 77F9F36B20AD3121002E89D2 /* LocationTableViewCell.swift */; };
/* End PBXBuildFile section */

/* Begin PBXFileReference section */
		7775F11A20CA38F40006C36A /* DetailViewController.swift */ = {isa = PBXFileReference; lastKnownFileType = sourcecode.swift; path = DetailViewController.swift; sourceTree = "<group>"; };
		77F9F35420AC242E002E89D2 /* Searcha.app */ = {isa = PBXFileReference; explicitFileType = wrapper.application; includeInIndex = 0; path = Searcha.app; sourceTree = BUILT_PRODUCTS_DIR; };
		77F9F35720AC242E002E89D2 /* AppDelegate.swift */ = {isa = PBXFileReference; lastKnownFileType = sourcecode.swift; path = AppDelegate.swift; sourceTree = "<group>"; };
		77F9F35C20AC242E002E89D2 /* Base */ = {isa = PBXFileReference; lastKnownFileType = file.storyboard; name = Base; path = Base.lproj/Main.storyboard; sourceTree = "<group>"; };
		77F9F35E20AC242F002E89D2 /* Assets.xcassets */ = {isa = PBXFileReference; lastKnownFileType = folder.assetcatalog; path = Assets.xcassets; sourceTree = "<group>"; };
		77F9F36120AC242F002E89D2 /* Base */ = {isa = PBXFileReference; lastKnownFileType = file.storyboard; name = Base; path = Base.lproj/LaunchScreen.storyboard; sourceTree = "<group>"; };
		77F9F36320AC242F002E89D2 /* Info.plist */ = {isa = PBXFileReference; lastKnownFileType = text.plist.xml; path = Info.plist; sourceTree = "<group>"; };
		77F9F36920AD2FB6002E89D2 /* SearchTableViewController.swift */ = {isa = PBXFileReference; lastKnownFileType = sourcecode.swift; path = SearchTableViewController.swift; sourceTree = "<group>"; };
		77F9F36B20AD3121002E89D2 /* LocationTableViewCell.swift */ = {isa = PBXFileReference; lastKnownFileType = sourcecode.swift; path = LocationTableViewCell.swift; sourceTree = "<group>"; };
/* End PBXFileReference section */

/* Begin PBXFrameworksBuildPhase section */
		77F9F35120AC242E002E89D2 /* Frameworks */ = {
			isa = PBXFrameworksBuildPhase;
			buildActionMask = 2147483647;
			files = (
			);
			runOnlyForDeploymentPostprocessing = 0;
		};
/* End PBXFrameworksBuildPhase section */

/* Begin PBXGroup section */
		77F9F34B20AC242E002E89D2 = {
			isa = PBXGroup;
			children = (
				77F9F35620AC242E002E89D2 /* Searcha */,
				77F9F35520AC242E002E89D2 /* Products */,
			);
			sourceTree = "<group>";
		};
		77F9F35520AC242E002E89D2 /* Products */ = {
			isa = PBXGroup;
			children = (
				77F9F35420AC242E002E89D2 /* Searcha.app */,
			);
			name = Products;
			sourceTree = "<group>";
		};
		77F9F35620AC242E002E89D2 /* Searcha */ = {
			isa = PBXGroup;
			children = (
				77F9F35720AC242E002E89D2 /* AppDelegate.swift */,
				77F9F35B20AC242E002E89D2 /* Main.storyboard */,
				77F9F36B20AD3121002E89D2 /* LocationTableViewCell.swift */,
				77F9F36920AD2FB6002E89D2 /* SearchTableViewController.swift */,
				7775F11A20CA38F40006C36A /* DetailViewController.swift */,
				77F9F35E20AC242F002E89D2 /* Assets.xcassets */,
				77F9F36020AC242F002E89D2 /* LaunchScreen.storyboard */,
				77F9F36320AC242F002E89D2 /* Info.plist */,
			);
			path = Searcha;
			sourceTree = "<group>";
		};
/* End PBXGroup section */

/* Begin PBXNativeTarget section */
		77F9F35320AC242E002E89D2 /* Searcha */ = {
			isa = PBXNativeTarget;
			buildConfigurationList = 77F9F36620AC242F002E89D2 /* Build configuration list for PBXNativeTarget "Searcha" */;
			buildPhases = (
				77F9F35020AC242E002E89D2 /* Sources */,
				77F9F35120AC242E002E89D2 /* Frameworks */,
				77F9F35220AC242E002E89D2 /* Resources */,
			);
			buildRules = (
			);
			dependencies = (
			);
			name = Searcha;
			productName = Searcha;
			productReference = 77F9F35420AC242E002E89D2 /* Searcha.app */;
			productType = "com.apple.product-type.application";
		};
/* End PBXNativeTarget section */

/* Begin PBXProject section */
		77F9F34C20AC242E002E89D2 /* Project object */ = {
			isa = PBXProject;
			attributes = {
				LastSwiftUpdateCheck = 0930;
				LastUpgradeCheck = 0930;
				ORGANIZATIONNAME = "施馨檸";
				TargetAttributes = {
					77F9F35320AC242E002E89D2 = {
						CreatedOnToolsVersion = 9.3.1;
					};
				};
			};
			buildConfigurationList = 77F9F34F20AC242E002E89D2 /* Build configuration list for PBXProject "Searcha" */;
			compatibilityVersion = "Xcode 9.3";
			developmentRegion = en;
			hasScannedForEncodings = 0;
			knownRegions = (
				en,
				Base,
			);
			mainGroup = 77F9F34B20AC242E002E89D2;
			productRefGroup = 77F9F35520AC242E002E89D2 /* Products */;
			projectDirPath = "";
			projectRoot = "";
			targets = (
				77F9F35320AC242E002E89D2 /* Searcha */,
			);
		};
/* End PBXProject section */

/* Begin PBXResourcesBuildPhase section */
		77F9F35220AC242E002E89D2 /* Resources */ = {
			isa = PBXResourcesBuildPhase;
			buildActionMask = 2147483647;
			files = (
				77F9F36220AC242F002E89D2 /* LaunchScreen.storyboard in Resources */,
				77F9F35F20AC242F002E89D2 /* Assets.xcassets in Resources */,
				77F9F35D20AC242E002E89D2 /* Main.storyboard in Resources */,
			);
			runOnlyForDeploymentPostprocessing = 0;
		};
/* End PBXResourcesBuildPhase section */

/* Begin PBXSourcesBuildPhase section */
		77F9F35020AC242E002E89D2 /* Sources */ = {
			isa = PBXSourcesBuildPhase;
			buildActionMask = 2147483647;
			files = (
				77F9F36A20AD2FB6002E89D2 /* SearchTableViewController.swift in Sources */,
				77F9F36C20AD3121002E89D2 /* LocationTableViewCell.swift in Sources */,
				7775F11B20CA38F40006C36A /* DetailViewController.swift in Sources */,
				77F9F35820AC242E002E89D2 /* AppDelegate.swift in Sources */,
			);
			runOnlyForDeploymentPostprocessing = 0;
		};
/* End PBXSourcesBuildPhase section */

/* Begin PBXVariantGroup section */
		77F9F35B20AC242E002E89D2 /* Main.storyboard */ = {
			isa = PBXVariantGroup;
			children = (
				77F9F35C20AC242E002E89D2 /* Base */,
			);
			name = Main.storyboard;
			sourceTree = "<group>";
		};
		77F9F36020AC242F002E89D2 /* LaunchScreen.storyboard */ = {
			isa = PBXVariantGroup;
			children = (
				77F9F36120AC242F002E89D2 /* Base */,
			);
			name = LaunchScreen.storyboard;
			sourceTree = "<group>";
		};
/* End PBXVariantGroup section */

/* Begin XCBuildConfiguration section */
		77F9F36420AC242F002E89D2 /* Debug */ = {
			isa = XCBuildConfiguration;
			buildSettings = {
				ALWAYS_SEARCH_USER_PATHS = NO;
				CLANG_ANALYZER_NONNULL = YES;
				CLANG_ANALYZER_NUMBER_OBJECT_CONVERSION = YES_AGGRESSIVE;
				CLANG_CXX_LANGUAGE_STANDARD = "gnu++14";
				CLANG_CXX_LIBRARY = "libc++";
				CLANG_ENABLE_MODULES = YES;
				CLANG_ENABLE_OBJC_ARC = YES;
				CLANG_ENABLE_OBJC_WEAK = YES;
				CLANG_WARN_BLOCK_CAPTURE_AUTORELEASING = YES;
				CLANG_WARN_BOOL_CONVERSION = YES;
				CLANG_WARN_COMMA = YES;
				CLANG_WARN_CONSTANT_CONVERSION = YES;
				CLANG_WARN_DEPRECATED_OBJC_IMPLEMENTATIONS = YES;
				CLANG_WARN_DIRECT_OBJC_ISA_USAGE = YES_ERROR;
				CLANG_WARN_DOCUMENTATION_COMMENTS = YES;
				CLANG_WARN_EMPTY_BODY = YES;
				CLANG_WARN_ENUM_CONVERSION = YES;
				CLANG_WARN_INFINITE_RECURSION = YES;
				CLANG_WARN_INT_CONVERSION = YES;
				CLANG_WARN_NON_LITERAL_NULL_CONVERSION = YES;
				CLANG_WARN_OBJC_IMPLICIT_RETAIN_SELF = YES;
				CLANG_WARN_OBJC_LITERAL_CONVERSION = YES;
				CLANG_WARN_OBJC_ROOT_CLASS = YES_ERROR;
				CLANG_WARN_RANGE_LOOP_ANALYSIS = YES;
				CLANG_WARN_STRICT_PROTOTYPES = YES;
				CLANG_WARN_SUSPICIOUS_MOVE = YES;
				CLANG_WARN_UNGUARDED_AVAILABILITY = YES_AGGRESSIVE;
				CLANG_WARN_UNREACHABLE_CODE = YES;
				CLANG_WARN__DUPLICATE_METHOD_MATCH = YES;
				CODE_SIGN_IDENTITY = "iPhone Developer";
				COPY_PHASE_STRIP = NO;
				DEBUG_INFORMATION_FORMAT = dwarf;
				ENABLE_STRICT_OBJC_MSGSEND = YES;
				ENABLE_TESTABILITY = YES;
				GCC_C_LANGUAGE_STANDARD = gnu11;
				GCC_DYNAMIC_NO_PIC = NO;
				GCC_NO_COMMON_BLOCKS = YES;
				GCC_OPTIMIZATION_LEVEL = 0;
				GCC_PREPROCESSOR_DEFINITIONS = (
					"DEBUG=1",
					"$(inherited)",
				);
				GCC_WARN_64_TO_32_BIT_CONVERSION = YES;
				GCC_WARN_ABOUT_RETURN_TYPE = YES_ERROR;
				GCC_WARN_UNDECLARED_SELECTOR = YES;
				GCC_WARN_UNINITIALIZED_AUTOS = YES_AGGRESSIVE;
				GCC_WARN_UNUSED_FUNCTION = YES;
				GCC_WARN_UNUSED_VARIABLE = YES;
				IPHONEOS_DEPLOYMENT_TARGET = 11.3;
				MTL_ENABLE_DEBUG_INFO = YES;
				ONLY_ACTIVE_ARCH = YES;
				SDKROOT = iphoneos;
				SWIFT_ACTIVE_COMPILATION_CONDITIONS = DEBUG;
				SWIFT_OPTIMIZATION_LEVEL = "-Onone";
			};
			name = Debug;
		};
		77F9F36520AC242F002E89D2 /* Release */ = {
			isa = XCBuildConfiguration;
			buildSettings = {
				ALWAYS_SEARCH_USER_PATHS = NO;
				CLANG_ANALYZER_NONNULL = YES;
				CLANG_ANALYZER_NUMBER_OBJECT_CONVERSION = YES_AGGRESSIVE;
				CLANG_CXX_LANGUAGE_STANDARD = "gnu++14";
				CLANG_CXX_LIBRARY = "libc++";
				CLANG_ENABLE_MODULES = YES;
				CLANG_ENABLE_OBJC_ARC = YES;
				CLANG_ENABLE_OBJC_WEAK = YES;
				CLANG_WARN_BLOCK_CAPTURE_AUTORELEASING = YES;
				CLANG_WARN_BOOL_CONVERSION = YES;
				CLANG_WARN_COMMA = YES;
				CLANG_WARN_CONSTANT_CONVERSION = YES;
				CLANG_WARN_DEPRECATED_OBJC_IMPLEMENTATIONS = YES;
				CLANG_WARN_DIRECT_OBJC_ISA_USAGE = YES_ERROR;
				CLANG_WARN_DOCUMENTATION_COMMENTS = YES;
				CLANG_WARN_EMPTY_BODY = YES;
				CLANG_WARN_ENUM_CONVERSION = YES;
				CLANG_WARN_INFINITE_RECURSION = YES;
				CLANG_WARN_INT_CONVERSION = YES;
				CLANG_WARN_NON_LITERAL_NULL_CONVERSION = YES;
				CLANG_WARN_OBJC_IMPLICIT_RETAIN_SELF = YES;
				CLANG_WARN_OBJC_LITERAL_CONVERSION = YES;
				CLANG_WARN_OBJC_ROOT_CLASS = YES_ERROR;
				CLANG_WARN_RANGE_LOOP_ANALYSIS = YES;
				CLANG_WARN_STRICT_PROTOTYPES = YES;
				CLANG_WARN_SUSPICIOUS_MOVE = YES;
				CLANG_WARN_UNGUARDED_AVAILABILITY = YES_AGGRESSIVE;
				CLANG_WARN_UNREACHABLE_CODE = YES;
				CLANG_WARN__DUPLICATE_METHOD_MATCH = YES;
				CODE_SIGN_IDENTITY = "iPhone Developer";
				COPY_PHASE_STRIP = NO;
				DEBUG_INFORMATION_FORMAT = "dwarf-with-dsym";
				ENABLE_NS_ASSERTIONS = NO;
				ENABLE_STRICT_OBJC_MSGSEND = YES;
				GCC_C_LANGUAGE_STANDARD = gnu11;
				GCC_NO_COMMON_BLOCKS = YES;
				GCC_WARN_64_TO_32_BIT_CONVERSION = YES;
				GCC_WARN_ABOUT_RETURN_TYPE = YES_ERROR;
				GCC_WARN_UNDECLARED_SELECTOR = YES;
				GCC_WARN_UNINITIALIZED_AUTOS = YES_AGGRESSIVE;
				GCC_WARN_UNUSED_FUNCTION = YES;
				GCC_WARN_UNUSED_VARIABLE = YES;
				IPHONEOS_DEPLOYMENT_TARGET = 11.3;
				MTL_ENABLE_DEBUG_INFO = NO;
				SDKROOT = iphoneos;
				SWIFT_COMPILATION_MODE = wholemodule;
				SWIFT_OPTIMIZATION_LEVEL = "-O";
				VALIDATE_PRODUCT = YES;
			};
			name = Release;
		};
		77F9F36720AC242F002E89D2 /* Debug */ = {
			isa = XCBuildConfiguration;
			buildSettings = {
				ASSETCATALOG_COMPILER_APPICON_NAME = AppIcon;
				CODE_SIGN_STYLE = Automatic;
				DEVELOPMENT_TEAM = W9X56337HD;
				INFOPLIST_FILE = Searcha/Info.plist;
				IPHONEOS_DEPLOYMENT_TARGET = 11.0;
				LD_RUNPATH_SEARCH_PATHS = (
					"$(inherited)",
					"@executable_path/Frameworks",
				);
				PRODUCT_BUNDLE_IDENTIFIER = com.ShinyShih.Searcha;
				PRODUCT_NAME = "$(TARGET_NAME)";
				SWIFT_VERSION = 4.0;
				TARGETED_DEVICE_FAMILY = "1,2";
			};
			name = Debug;
		};
		77F9F36820AC242F002E89D2 /* Release */ = {
			isa = XCBuildConfiguration;
			buildSettings = {
				ASSETCATALOG_COMPILER_APPICON_NAME = AppIcon;
				CODE_SIGN_STYLE = Automatic;
				DEVELOPMENT_TEAM = W9X56337HD;
				INFOPLIST_FILE = Searcha/Info.plist;
				IPHONEOS_DEPLOYMENT_TARGET = 11.0;
				LD_RUNPATH_SEARCH_PATHS = (
					"$(inherited)",
					"@executable_path/Frameworks",
				);
				PRODUCT_BUNDLE_IDENTIFIER = com.ShinyShih.Searcha;
				PRODUCT_NAME = "$(TARGET_NAME)";
				SWIFT_VERSION = 4.0;
				TARGETED_DEVICE_FAMILY = "1,2";
			};
			name = Release;
		};
/* End XCBuildConfiguration section */

/* Begin XCConfigurationList section */
		77F9F34F20AC242E002E89D2 /* Build configuration list for PBXProject "Searcha" */ = {
			isa = XCConfigurationList;
			buildConfigurations = (
				77F9F36420AC242F002E89D2 /* Debug */,
				77F9F36520AC242F002E89D2 /* Release */,
			);
			defaultConfigurationIsVisible = 0;
			defaultConfigurationName = Release;
		};
		77F9F36620AC242F002E89D2 /* Build configuration list for PBXNativeTarget "Searcha" */ = {
			isa = XCConfigurationList;
			buildConfigurations = (
				77F9F36720AC242F002E89D2 /* Debug */,
				77F9F36820AC242F002E89D2 /* Release */,
			);
			defaultConfigurationIsVisible = 0;
			defaultConfigurationName = Release;
		};
/* End XCConfigurationList section */
	};
	rootObject = 77F9F34C20AC242E002E89D2 /* Project object */;
}
